<Solution>
  <Folder Name="/.github/" />
  <Folder Name="/.github/workflows/">
    <File Path=".github/workflows/ci.yml" />
    <File Path=".github/workflows/deploy-preview.yml" />
    <File Path=".github/workflows/deploy-production.yml" />
  </Folder>
  <Folder Name="/deploy/" />
  <Folder Name="/deploy/edge/">
    <File Path="deploy/edge/Caddyfile" />
    <File Path="deploy/edge/compose.yml" />
  </Folder>
  <Folder Name="/deploy/preview/">
    <File Path="deploy/preview/compose.yml" />
  </Folder>
  <Folder Name="/deploy/prod/">
    <File Path="deploy/prod/compose.yml" />
  </Folder>
  <Folder Name="/docs/" />
  <Folder Name="/Solution Items/">
    <File Path=".dockerignore" />
    <File Path=".editorconfig" />
    <File Path=".gitattributes" />
    <File Path=".gitignore" />
    <File Path=".vsconfig" />
    <File Path="Directory.Build.props" />
    <File Path="Directory.Build.targets" />
    <File Path="Directory.Packages.props" />
    <File Path="global.json" />
    <File Path="LICENSE" />
    <File Path="opengamebuilder.slnLaunch" />
    <File Path="README.md" />
  </Folder>
  <Folder Name="/Solution Items/.github/">
    <File Path=".github/workflows/ci.yml" />
  </Folder>
  <Folder Name="/Solution Items/.husky/">
    <File Path=".config/dotnet-tools.json" />
    <File Path=".husky/pre-commit" />
    <File Path=".husky/task-runner.json" />
  </Folder>
  <Folder Name="/src/">
    <Project Path="src/OpenGameBuilder.Api/OpenGameBuilder.Api.csproj" Id="2a78f2b9-9f57-45ab-8314-885b03c4daf3" />
    <Project Path="src/OpenGameBuilder.Web/OpenGameBuilder.Web.csproj" Id="df43ac45-a2d2-48b9-b243-6dfaf3b9a717" />
  </Folder>
  <Folder Name="/tests/">
    <Project Path="tests/OpenGameBuilder.Api.Tests/OpenGameBuilder.Api.Tests.csproj" Id="049421a4-49af-4d6f-91ee-e0beea9b153e" />
    <Project Path="tests/OpenGameBuilder.Web.Tests/OpenGameBuilder.Web.Tests.csproj" Id="a6e3c574-88bb-4520-81a0-f3f71a727c46" />
  </Folder>
</Solution>
